
Microsoft Visual Studio Solution File, Format Version 12.00
# Visual Studio Version 16
VisualStudioVersion = 16.0.31313.79
MinimumVisualStudioVersion = 10.0.40219.1
Project("{9A19103F-16F7-4668-BE54-9A1E7A4F7556}") = "MeterReading", "MeterReading.csproj", "{9EE02C01-DD3F-4B4E-8C62-A60845292AD2}"
EndProject
Project("{2150E333-8FDC-42A3-9474-1A3956D46DE8}") = "UnitTests", "UnitTests", "{A970153E-856E-4A63-BC30-954F761674EB}"
EndProject
Project("{9A19103F-16F7-4668-BE54-9A1E7A4F7556}") = "Services.Tests", "Services.Tests\Services.Tests.csproj", "{3E68D515-40B2-4ADA-9CF7-CBD2B5E8EBCD}"
EndProject
Project("{9A19103F-16F7-4668-BE54-9A1E7A4F7556}") = "Controllers.Tests", "Controllers.Tests\Controllers.Tests.csproj", "{43AC6DA9-084B-4290-A62C-C155DD819BD2}"
EndProject
Global
	GlobalSection(SolutionConfigurationPlatforms) = preSolution
		Debug|Any CPU = Debug|Any CPU
		Release|Any CPU = Release|Any CPU
	EndGlobalSection
	GlobalSection(ProjectConfigurationPlatforms) = postSolution
		{9EE02C01-DD3F-4B4E-8C62-A60845292AD2}.Debug|Any CPU.ActiveCfg = Debug|Any CPU
		{9EE02C01-DD3F-4B4E-8C62-A60845292AD2}.Debug|Any CPU.Build.0 = Debug|Any CPU
		{9EE02C01-DD3F-4B4E-8C62-A60845292AD2}.Release|Any CPU.ActiveCfg = Release|Any CPU
		{9EE02C01-DD3F-4B4E-8C62-A60845292AD2}.Release|Any CPU.Build.0 = Release|Any CPU
		{3E68D515-40B2-4ADA-9CF7-CBD2B5E8EBCD}.Debug|Any CPU.ActiveCfg = Debug|Any CPU
		{3E68D515-40B2-4ADA-9CF7-CBD2B5E8EBCD}.Debug|Any CPU.Build.0 = Debug|Any CPU
		{3E68D515-40B2-4ADA-9CF7-CBD2B5E8EBCD}.Release|Any CPU.ActiveCfg = Release|Any CPU
		{3E68D515-40B2-4ADA-9CF7-CBD2B5E8EBCD}.Release|Any CPU.Build.0 = Release|Any CPU
		{43AC6DA9-084B-4290-A62C-C155DD819BD2}.Debug|Any CPU.ActiveCfg = Debug|Any CPU
		{43AC6DA9-084B-4290-A62C-C155DD819BD2}.Debug|Any CPU.Build.0 = Debug|Any CPU
		{43AC6DA9-084B-4290-A62C-C155DD819BD2}.Release|Any CPU.ActiveCfg = Release|Any CPU
		{43AC6DA9-084B-4290-A62C-C155DD819BD2}.Release|Any CPU.Build.0 = Release|Any CPU
	EndGlobalSection
	GlobalSection(SolutionProperties) = preSolution
		HideSolutionNode = FALSE
	EndGlobalSection
	GlobalSection(NestedProjects) = preSolution
		{3E68D515-40B2-4ADA-9CF7-CBD2B5E8EBCD} = {A970153E-856E-4A63-BC30-954F761674EB}
		{43AC6DA9-084B-4290-A62C-C155DD819BD2} = {A970153E-856E-4A63-BC30-954F761674EB}
	EndGlobalSection
	GlobalSection(ExtensibilityGlobals) = postSolution
		SolutionGuid = {ECCAEE9D-BFB9-4E61-996A-70EF3B67C28B}
	EndGlobalSection
EndGlobal
